
Microsoft Visual Studio Solution File, Format Version 12.00
# Visual Studio 14
VisualStudioVersion = 14.0.24720.0
MinimumVisualStudioVersion = 10.0.40219.1
Project("{FAE04EC0-301F-11D3-BF4B-00C04F79EFBC}") = "Permutations", "Permutations\Permutations.csproj", "{B04B180F-3410-401E-AAA5-ED0ED328BA61}"
EndProject
Project("{FAE04EC0-301F-11D3-BF4B-00C04F79EFBC}") = "GeneratePermutationsIteratively", "GeneratePermutationsIteratively\GeneratePermutationsIteratively.csproj", "{55C5B873-E007-4FA8-8A3B-7A79B2796001}"
EndProject
Project("{FAE04EC0-301F-11D3-BF4B-00C04F79EFBC}") = "GenerateCombinationsIteratively", "GenerateCombinationsIteratively\GenerateCombinationsIteratively.csproj", "{95BE92C4-80B9-4E58-8C6E-52761C3DAE12}"
EndProject
Project("{FAE04EC0-301F-11D3-BF4B-00C04F79EFBC}") = "PermutationsWithRepetition", "PermutationsWwithRepetition\PermutationsWithRepetition.csproj", "{E99EC26D-33FA-48BA-847B-E9CDC0B23745}"
EndProject
Project("{FAE04EC0-301F-11D3-BF4B-00C04F79EFBC}") = "GenerateSubsetsOfStringArray", "GenerateSubsetsOfStringArray\GenerateSubsetsOfStringArray.csproj", "{4B8BDD88-C26C-4B60-8FBA-960699C31D0B}"
EndProject
Project("{FAE04EC0-301F-11D3-BF4B-00C04F79EFBC}") = "Snakes", "Snakes\Snakes.csproj", "{F6998D99-1C5F-4A1F-9C0C-356045217C5A}"
EndProject
Project("{FAE04EC0-301F-11D3-BF4B-00C04F79EFBC}") = "Cubes", "Cubes\Cubes.csproj", "{FC0B4B58-0094-4B3F-9084-5A44B9865DC6}"
EndProject
Global
	GlobalSection(SolutionConfigurationPlatforms) = preSolution
		Debug|Any CPU = Debug|Any CPU
		Release|Any CPU = Release|Any CPU
	EndGlobalSection
	GlobalSection(ProjectConfigurationPlatforms) = postSolution
		{B04B180F-3410-401E-AAA5-ED0ED328BA61}.Debug|Any CPU.ActiveCfg = Debug|Any CPU
		{B04B180F-3410-401E-AAA5-ED0ED328BA61}.Debug|Any CPU.Build.0 = Debug|Any CPU
		{B04B180F-3410-401E-AAA5-ED0ED328BA61}.Release|Any CPU.ActiveCfg = Release|Any CPU
		{B04B180F-3410-401E-AAA5-ED0ED328BA61}.Release|Any CPU.Build.0 = Release|Any CPU
		{55C5B873-E007-4FA8-8A3B-7A79B2796001}.Debug|Any CPU.ActiveCfg = Debug|Any CPU
		{55C5B873-E007-4FA8-8A3B-7A79B2796001}.Debug|Any CPU.Build.0 = Debug|Any CPU
		{55C5B873-E007-4FA8-8A3B-7A79B2796001}.Release|Any CPU.ActiveCfg = Release|Any CPU
		{55C5B873-E007-4FA8-8A3B-7A79B2796001}.Release|Any CPU.Build.0 = Release|Any CPU
		{95BE92C4-80B9-4E58-8C6E-52761C3DAE12}.Debug|Any CPU.ActiveCfg = Debug|Any CPU
		{95BE92C4-80B9-4E58-8C6E-52761C3DAE12}.Debug|Any CPU.Build.0 = Debug|Any CPU
		{95BE92C4-80B9-4E58-8C6E-52761C3DAE12}.Release|Any CPU.ActiveCfg = Release|Any CPU
		{95BE92C4-80B9-4E58-8C6E-52761C3DAE12}.Release|Any CPU.Build.0 = Release|Any CPU
		{E99EC26D-33FA-48BA-847B-E9CDC0B23745}.Debug|Any CPU.ActiveCfg = Debug|Any CPU
		{E99EC26D-33FA-48BA-847B-E9CDC0B23745}.Debug|Any CPU.Build.0 = Debug|Any CPU
		{E99EC26D-33FA-48BA-847B-E9CDC0B23745}.Release|Any CPU.ActiveCfg = Release|Any CPU
		{E99EC26D-33FA-48BA-847B-E9CDC0B23745}.Release|Any CPU.Build.0 = Release|Any CPU
		{4B8BDD88-C26C-4B60-8FBA-960699C31D0B}.Debug|Any CPU.ActiveCfg = Debug|Any CPU
		{4B8BDD88-C26C-4B60-8FBA-960699C31D0B}.Debug|Any CPU.Build.0 = Debug|Any CPU
		{4B8BDD88-C26C-4B60-8FBA-960699C31D0B}.Release|Any CPU.ActiveCfg = Release|Any CPU
		{4B8BDD88-C26C-4B60-8FBA-960699C31D0B}.Release|Any CPU.Build.0 = Release|Any CPU
		{F6998D99-1C5F-4A1F-9C0C-356045217C5A}.Debug|Any CPU.ActiveCfg = Debug|Any CPU
		{F6998D99-1C5F-4A1F-9C0C-356045217C5A}.Debug|Any CPU.Build.0 = Debug|Any CPU
		{F6998D99-1C5F-4A1F-9C0C-356045217C5A}.Release|Any CPU.ActiveCfg = Release|Any CPU
		{F6998D99-1C5F-4A1F-9C0C-356045217C5A}.Release|Any CPU.Build.0 = Release|Any CPU
		{FC0B4B58-0094-4B3F-9084-5A44B9865DC6}.Debug|Any CPU.ActiveCfg = Debug|Any CPU
		{FC0B4B58-0094-4B3F-9084-5A44B9865DC6}.Debug|Any CPU.Build.0 = Debug|Any CPU
		{FC0B4B58-0094-4B3F-9084-5A44B9865DC6}.Release|Any CPU.ActiveCfg = Release|Any CPU
		{FC0B4B58-0094-4B3F-9084-5A44B9865DC6}.Release|Any CPU.Build.0 = Release|Any CPU
	EndGlobalSection
	GlobalSection(SolutionProperties) = preSolution
		HideSolutionNode = FALSE
	EndGlobalSection
EndGlobal
