
Microsoft Visual Studio Solution File, Format Version 12.00
# Visual Studio 2013
VisualStudioVersion = 12.0.31101.0
MinimumVisualStudioVersion = 10.0.40219.1
Project("{FAE04EC0-301F-11D3-BF4B-00C04F79EFBC}") = "01Persons", "01Persons\01Persons.csproj", "{B3F0D36C-C9A1-4A7D-9D7F-C8D0611E6051}"
EndProject
Project("{FAE04EC0-301F-11D3-BF4B-00C04F79EFBC}") = "02LaptopShop", "02LaptopShop\02LaptopShop.csproj", "{21C1B85A-C08E-4460-945C-CA651390CF18}"
EndProject
Project("{FAE04EC0-301F-11D3-BF4B-00C04F79EFBC}") = "03PcCatalog", "03PcCatalog\03PcCatalog.csproj", "{069E7E33-83F5-4FC7-ADAE-85C4B31E5702}"
EndProject
Global
	GlobalSection(SolutionConfigurationPlatforms) = preSolution
		Debug|Any CPU = Debug|Any CPU
		Release|Any CPU = Release|Any CPU
	EndGlobalSection
	GlobalSection(ProjectConfigurationPlatforms) = postSolution
		{B3F0D36C-C9A1-4A7D-9D7F-C8D0611E6051}.Debug|Any CPU.ActiveCfg = Debug|Any CPU
		{B3F0D36C-C9A1-4A7D-9D7F-C8D0611E6051}.Debug|Any CPU.Build.0 = Debug|Any CPU
		{B3F0D36C-C9A1-4A7D-9D7F-C8D0611E6051}.Release|Any CPU.ActiveCfg = Release|Any CPU
		{B3F0D36C-C9A1-4A7D-9D7F-C8D0611E6051}.Release|Any CPU.Build.0 = Release|Any CPU
		{21C1B85A-C08E-4460-945C-CA651390CF18}.Debug|Any CPU.ActiveCfg = Debug|Any CPU
		{21C1B85A-C08E-4460-945C-CA651390CF18}.Debug|Any CPU.Build.0 = Debug|Any CPU
		{21C1B85A-C08E-4460-945C-CA651390CF18}.Release|Any CPU.ActiveCfg = Release|Any CPU
		{21C1B85A-C08E-4460-945C-CA651390CF18}.Release|Any CPU.Build.0 = Release|Any CPU
		{069E7E33-83F5-4FC7-ADAE-85C4B31E5702}.Debug|Any CPU.ActiveCfg = Debug|Any CPU
		{069E7E33-83F5-4FC7-ADAE-85C4B31E5702}.Debug|Any CPU.Build.0 = Debug|Any CPU
		{069E7E33-83F5-4FC7-ADAE-85C4B31E5702}.Release|Any CPU.ActiveCfg = Release|Any CPU
		{069E7E33-83F5-4FC7-ADAE-85C4B31E5702}.Release|Any CPU.Build.0 = Release|Any CPU
	EndGlobalSection
	GlobalSection(SolutionProperties) = preSolution
		HideSolutionNode = FALSE
	EndGlobalSection
EndGlobal
