
Microsoft Visual Studio Solution File, Format Version 12.00
# Visual Studio 14
VisualStudioVersion = 14.0.24720.0
MinimumVisualStudioVersion = 10.0.40219.1
Project("{FAE04EC0-301F-11D3-BF4B-00C04F79EFBC}") = "Sequences", "Sequences\Sequences.csproj", "{6F5CD685-70A3-46CF-9DE8-AEB6C62C4720}"
EndProject
Project("{FAE04EC0-301F-11D3-BF4B-00C04F79EFBC}") = "Bridges", "Bridges\Bridges.csproj", "{C2B27742-99FB-4289-9F71-E73CAAF070AB}"
EndProject
Project("{FAE04EC0-301F-11D3-BF4B-00C04F79EFBC}") = "MessageSharing", "MessageSharing\MessageSharing.csproj", "{A07A9088-3E45-4BED-B9DE-D9228CA0D072}"
EndProject
Project("{FAE04EC0-301F-11D3-BF4B-00C04F79EFBC}") = "Rectangles", "Rectangles\Rectangles.csproj", "{8CCC36B9-F1CC-4306-ABEB-EB77743181DF}"
EndProject
Global
	GlobalSection(SolutionConfigurationPlatforms) = preSolution
		Debug|Any CPU = Debug|Any CPU
		Release|Any CPU = Release|Any CPU
	EndGlobalSection
	GlobalSection(ProjectConfigurationPlatforms) = postSolution
		{6F5CD685-70A3-46CF-9DE8-AEB6C62C4720}.Debug|Any CPU.ActiveCfg = Debug|Any CPU
		{6F5CD685-70A3-46CF-9DE8-AEB6C62C4720}.Debug|Any CPU.Build.0 = Debug|Any CPU
		{6F5CD685-70A3-46CF-9DE8-AEB6C62C4720}.Release|Any CPU.ActiveCfg = Release|Any CPU
		{6F5CD685-70A3-46CF-9DE8-AEB6C62C4720}.Release|Any CPU.Build.0 = Release|Any CPU
		{C2B27742-99FB-4289-9F71-E73CAAF070AB}.Debug|Any CPU.ActiveCfg = Debug|Any CPU
		{C2B27742-99FB-4289-9F71-E73CAAF070AB}.Debug|Any CPU.Build.0 = Debug|Any CPU
		{C2B27742-99FB-4289-9F71-E73CAAF070AB}.Release|Any CPU.ActiveCfg = Release|Any CPU
		{C2B27742-99FB-4289-9F71-E73CAAF070AB}.Release|Any CPU.Build.0 = Release|Any CPU
		{A07A9088-3E45-4BED-B9DE-D9228CA0D072}.Debug|Any CPU.ActiveCfg = Debug|Any CPU
		{A07A9088-3E45-4BED-B9DE-D9228CA0D072}.Debug|Any CPU.Build.0 = Debug|Any CPU
		{A07A9088-3E45-4BED-B9DE-D9228CA0D072}.Release|Any CPU.ActiveCfg = Release|Any CPU
		{A07A9088-3E45-4BED-B9DE-D9228CA0D072}.Release|Any CPU.Build.0 = Release|Any CPU
		{8CCC36B9-F1CC-4306-ABEB-EB77743181DF}.Debug|Any CPU.ActiveCfg = Debug|Any CPU
		{8CCC36B9-F1CC-4306-ABEB-EB77743181DF}.Debug|Any CPU.Build.0 = Debug|Any CPU
		{8CCC36B9-F1CC-4306-ABEB-EB77743181DF}.Release|Any CPU.ActiveCfg = Release|Any CPU
		{8CCC36B9-F1CC-4306-ABEB-EB77743181DF}.Release|Any CPU.Build.0 = Release|Any CPU
	EndGlobalSection
	GlobalSection(SolutionProperties) = preSolution
		HideSolutionNode = FALSE
	EndGlobalSection
EndGlobal
