
Microsoft Visual Studio Solution File, Format Version 12.00
# Visual Studio 14
VisualStudioVersion = 14.0.24720.0
MinimumVisualStudioVersion = 10.0.40219.1
Project("{FAE04EC0-301F-11D3-BF4B-00C04F79EFBC}") = "01FillTheMatrix", "01FillTheMatrix\01FillTheMatrix.csproj", "{9CB087FB-C0C3-4349-9D40-B422BE66EF51}"
EndProject
Project("{FAE04EC0-301F-11D3-BF4B-00C04F79EFBC}") = "02MaximalSum", "02MaximalSum\02MaximalSum.csproj", "{AA9FEE3A-5660-46FB-909A-0A2A8CC381B5}"
EndProject
Project("{FAE04EC0-301F-11D3-BF4B-00C04F79EFBC}") = "03MatrixShuffling", "03MatrixShuffling\03MatrixShuffling.csproj", "{57C51176-82F2-42C6-AAD7-B60731686F22}"
EndProject
Project("{FAE04EC0-301F-11D3-BF4B-00C04F79EFBC}") = "04SequenceInMatrix", "SequenceInMatrix\04SequenceInMatrix.csproj", "{49FAC8A7-5437-4780-85B9-BEF6A7A56D20}"
EndProject
Project("{FAE04EC0-301F-11D3-BF4B-00C04F79EFBC}") = "05CollectTheCoins", "05CollectTheCoins\05CollectTheCoins.csproj", "{40310C85-6746-4136-8E3E-BF0AD128E589}"
EndProject
Project("{FAE04EC0-301F-11D3-BF4B-00C04F79EFBC}") = "06CountSymbols", "06CountSymbols\06CountSymbols.csproj", "{4DDC896B-911D-4286-A906-B1E5C5731660}"
EndProject
Project("{FAE04EC0-301F-11D3-BF4B-00C04F79EFBC}") = "07Phonebook", "07Phonebook\07Phonebook.csproj", "{99F23A97-9369-4657-9DF6-70D118492F17}"
EndProject
Project("{FAE04EC0-301F-11D3-BF4B-00C04F79EFBC}") = "08NightLife", "08NightLife\08NightLife.csproj", "{1D999170-9483-4906-B933-465E9EFC9FB1}"
EndProject
Global
	GlobalSection(SolutionConfigurationPlatforms) = preSolution
		Debug|Any CPU = Debug|Any CPU
		Release|Any CPU = Release|Any CPU
	EndGlobalSection
	GlobalSection(ProjectConfigurationPlatforms) = postSolution
		{9CB087FB-C0C3-4349-9D40-B422BE66EF51}.Debug|Any CPU.ActiveCfg = Debug|Any CPU
		{9CB087FB-C0C3-4349-9D40-B422BE66EF51}.Debug|Any CPU.Build.0 = Debug|Any CPU
		{9CB087FB-C0C3-4349-9D40-B422BE66EF51}.Release|Any CPU.ActiveCfg = Release|Any CPU
		{9CB087FB-C0C3-4349-9D40-B422BE66EF51}.Release|Any CPU.Build.0 = Release|Any CPU
		{AA9FEE3A-5660-46FB-909A-0A2A8CC381B5}.Debug|Any CPU.ActiveCfg = Debug|Any CPU
		{AA9FEE3A-5660-46FB-909A-0A2A8CC381B5}.Debug|Any CPU.Build.0 = Debug|Any CPU
		{AA9FEE3A-5660-46FB-909A-0A2A8CC381B5}.Release|Any CPU.ActiveCfg = Release|Any CPU
		{AA9FEE3A-5660-46FB-909A-0A2A8CC381B5}.Release|Any CPU.Build.0 = Release|Any CPU
		{57C51176-82F2-42C6-AAD7-B60731686F22}.Debug|Any CPU.ActiveCfg = Debug|Any CPU
		{57C51176-82F2-42C6-AAD7-B60731686F22}.Debug|Any CPU.Build.0 = Debug|Any CPU
		{57C51176-82F2-42C6-AAD7-B60731686F22}.Release|Any CPU.ActiveCfg = Release|Any CPU
		{57C51176-82F2-42C6-AAD7-B60731686F22}.Release|Any CPU.Build.0 = Release|Any CPU
		{49FAC8A7-5437-4780-85B9-BEF6A7A56D20}.Debug|Any CPU.ActiveCfg = Debug|Any CPU
		{49FAC8A7-5437-4780-85B9-BEF6A7A56D20}.Debug|Any CPU.Build.0 = Debug|Any CPU
		{49FAC8A7-5437-4780-85B9-BEF6A7A56D20}.Release|Any CPU.ActiveCfg = Release|Any CPU
		{49FAC8A7-5437-4780-85B9-BEF6A7A56D20}.Release|Any CPU.Build.0 = Release|Any CPU
		{40310C85-6746-4136-8E3E-BF0AD128E589}.Debug|Any CPU.ActiveCfg = Debug|Any CPU
		{40310C85-6746-4136-8E3E-BF0AD128E589}.Debug|Any CPU.Build.0 = Debug|Any CPU
		{40310C85-6746-4136-8E3E-BF0AD128E589}.Release|Any CPU.ActiveCfg = Release|Any CPU
		{40310C85-6746-4136-8E3E-BF0AD128E589}.Release|Any CPU.Build.0 = Release|Any CPU
		{4DDC896B-911D-4286-A906-B1E5C5731660}.Debug|Any CPU.ActiveCfg = Debug|Any CPU
		{4DDC896B-911D-4286-A906-B1E5C5731660}.Debug|Any CPU.Build.0 = Debug|Any CPU
		{4DDC896B-911D-4286-A906-B1E5C5731660}.Release|Any CPU.ActiveCfg = Release|Any CPU
		{4DDC896B-911D-4286-A906-B1E5C5731660}.Release|Any CPU.Build.0 = Release|Any CPU
		{99F23A97-9369-4657-9DF6-70D118492F17}.Debug|Any CPU.ActiveCfg = Debug|Any CPU
		{99F23A97-9369-4657-9DF6-70D118492F17}.Debug|Any CPU.Build.0 = Debug|Any CPU
		{99F23A97-9369-4657-9DF6-70D118492F17}.Release|Any CPU.ActiveCfg = Release|Any CPU
		{99F23A97-9369-4657-9DF6-70D118492F17}.Release|Any CPU.Build.0 = Release|Any CPU
		{1D999170-9483-4906-B933-465E9EFC9FB1}.Debug|Any CPU.ActiveCfg = Debug|Any CPU
		{1D999170-9483-4906-B933-465E9EFC9FB1}.Debug|Any CPU.Build.0 = Debug|Any CPU
		{1D999170-9483-4906-B933-465E9EFC9FB1}.Release|Any CPU.ActiveCfg = Release|Any CPU
		{1D999170-9483-4906-B933-465E9EFC9FB1}.Release|Any CPU.Build.0 = Release|Any CPU
	EndGlobalSection
	GlobalSection(SolutionProperties) = preSolution
		HideSolutionNode = FALSE
	EndGlobalSection
EndGlobal
