
Microsoft Visual Studio Solution File, Format Version 12.00
# Visual Studio 14
VisualStudioVersion = 14.0.24720.0
MinimumVisualStudioVersion = 10.0.40219.1
Project("{FAE04EC0-301F-11D3-BF4B-00C04F79EFBC}") = "StringExtentions", "StringExtentions\StringExtentions.csproj", "{24EC54B7-6F0A-46B3-B1F9-C26E4B46C640}"
EndProject
Global
	GlobalSection(SolutionConfigurationPlatforms) = preSolution
		Debug|Any CPU = Debug|Any CPU
		Release|Any CPU = Release|Any CPU
	EndGlobalSection
	GlobalSection(ProjectConfigurationPlatforms) = postSolution
		{24EC54B7-6F0A-46B3-B1F9-C26E4B46C640}.Debug|Any CPU.ActiveCfg = Debug|Any CPU
		{24EC54B7-6F0A-46B3-B1F9-C26E4B46C640}.Debug|Any CPU.Build.0 = Debug|Any CPU
		{24EC54B7-6F0A-46B3-B1F9-C26E4B46C640}.Release|Any CPU.ActiveCfg = Release|Any CPU
		{24EC54B7-6F0A-46B3-B1F9-C26E4B46C640}.Release|Any CPU.Build.0 = Release|Any CPU
	EndGlobalSection
	GlobalSection(SolutionProperties) = preSolution
		HideSolutionNode = FALSE
	EndGlobalSection
EndGlobal
