
Microsoft Visual Studio Solution File, Format Version 12.00
# Visual Studio 14
VisualStudioVersion = 14.0.24720.0
MinimumVisualStudioVersion = 10.0.40219.1
Project("{FAE04EC0-301F-11D3-BF4B-00C04F79EFBC}") = "Find-The-Root", "Find-The-Root\Find-The-Root.csproj", "{8DF25A3F-2953-4060-8059-A2B6F948D9A4}"
EndProject
Project("{FAE04EC0-301F-11D3-BF4B-00C04F79EFBC}") = "RoundDance", "RoundDance\RoundDance.csproj", "{3CEE345A-5DE5-44CF-92A1-417992CABF37}"
EndProject
Project("{FAE04EC0-301F-11D3-BF4B-00C04F79EFBC}") = "Ride-The-Horse", "Ride-The-Horse\Ride-The-Horse.csproj", "{9D5774C9-31B2-43D6-A310-A484C7E474B3}"
EndProject
Project("{FAE04EC0-301F-11D3-BF4B-00C04F79EFBC}") = "Longes-Path-In-Tree", "Longes-Path-In-Tree\Longes-Path-In-Tree.csproj", "{CA24F5DC-1408-4313-994C-C0338A1BB526}"
EndProject
Global
	GlobalSection(SolutionConfigurationPlatforms) = preSolution
		Debug|Any CPU = Debug|Any CPU
		Release|Any CPU = Release|Any CPU
	EndGlobalSection
	GlobalSection(ProjectConfigurationPlatforms) = postSolution
		{8DF25A3F-2953-4060-8059-A2B6F948D9A4}.Debug|Any CPU.ActiveCfg = Debug|Any CPU
		{8DF25A3F-2953-4060-8059-A2B6F948D9A4}.Debug|Any CPU.Build.0 = Debug|Any CPU
		{8DF25A3F-2953-4060-8059-A2B6F948D9A4}.Release|Any CPU.ActiveCfg = Release|Any CPU
		{8DF25A3F-2953-4060-8059-A2B6F948D9A4}.Release|Any CPU.Build.0 = Release|Any CPU
		{3CEE345A-5DE5-44CF-92A1-417992CABF37}.Debug|Any CPU.ActiveCfg = Debug|Any CPU
		{3CEE345A-5DE5-44CF-92A1-417992CABF37}.Debug|Any CPU.Build.0 = Debug|Any CPU
		{3CEE345A-5DE5-44CF-92A1-417992CABF37}.Release|Any CPU.ActiveCfg = Release|Any CPU
		{3CEE345A-5DE5-44CF-92A1-417992CABF37}.Release|Any CPU.Build.0 = Release|Any CPU
		{9D5774C9-31B2-43D6-A310-A484C7E474B3}.Debug|Any CPU.ActiveCfg = Debug|Any CPU
		{9D5774C9-31B2-43D6-A310-A484C7E474B3}.Debug|Any CPU.Build.0 = Debug|Any CPU
		{9D5774C9-31B2-43D6-A310-A484C7E474B3}.Release|Any CPU.ActiveCfg = Release|Any CPU
		{9D5774C9-31B2-43D6-A310-A484C7E474B3}.Release|Any CPU.Build.0 = Release|Any CPU
		{CA24F5DC-1408-4313-994C-C0338A1BB526}.Debug|Any CPU.ActiveCfg = Debug|Any CPU
		{CA24F5DC-1408-4313-994C-C0338A1BB526}.Debug|Any CPU.Build.0 = Debug|Any CPU
		{CA24F5DC-1408-4313-994C-C0338A1BB526}.Release|Any CPU.ActiveCfg = Release|Any CPU
		{CA24F5DC-1408-4313-994C-C0338A1BB526}.Release|Any CPU.Build.0 = Release|Any CPU
	EndGlobalSection
	GlobalSection(SolutionProperties) = preSolution
		HideSolutionNode = FALSE
	EndGlobalSection
EndGlobal
