
Microsoft Visual Studio Solution File, Format Version 12.00
# Visual Studio 2013
VisualStudioVersion = 12.0.40629.0
MinimumVisualStudioVersion = 10.0.40219.1
Project("{FAE04EC0-301F-11D3-BF4B-00C04F79EFBC}") = "01SumOf3Numbers", "01SumOf3Numbers\01SumOf3Numbers.csproj", "{28837026-5C01-4990-A514-F906F5E06F22}"
EndProject
Project("{FAE04EC0-301F-11D3-BF4B-00C04F79EFBC}") = "02PrintCompanyInformation", "02PrintCompanyInformation\02PrintCompanyInformation.csproj", "{F4BD9F8E-180B-4B66-8DEC-5A6700E9C4DB}"
EndProject
Project("{FAE04EC0-301F-11D3-BF4B-00C04F79EFBC}") = "03CirclePerimeterAndArea", "03CirclePerimeterAndArea\03CirclePerimeterAndArea.csproj", "{E5F943BF-E974-4DE7-8DFE-96C956242FEA}"
EndProject
Project("{FAE04EC0-301F-11D3-BF4B-00C04F79EFBC}") = "04NumberComparer", "04NumberComparer\04NumberComparer.csproj", "{AF5FF8E8-53E0-4032-8EEC-C1F84AAFB6FC}"
EndProject
Project("{FAE04EC0-301F-11D3-BF4B-00C04F79EFBC}") = "05FormattingNumbers", "05Formatting Numbers\05FormattingNumbers.csproj", "{12DF558D-8779-4B22-B7C6-20EED5FDD4D2}"
EndProject
Project("{FAE04EC0-301F-11D3-BF4B-00C04F79EFBC}") = "06QuadraticEquation", "06QuadraticEquation\06QuadraticEquation.csproj", "{9B1DE753-281F-4F3A-A215-804E7EEC50F6}"
EndProject
Project("{FAE04EC0-301F-11D3-BF4B-00C04F79EFBC}") = "07SumOf5Numbers", "07SumOf5Numbers\07SumOf5Numbers.csproj", "{311CF4D6-F3F0-43C3-80B2-E0A14B334927}"
EndProject
Project("{FAE04EC0-301F-11D3-BF4B-00C04F79EFBC}") = "08NumbersFrom1ToN", "08NumbersFrom1ToN\08NumbersFrom1ToN.csproj", "{0887347F-5F3D-4DD5-B615-D28887CC54CD}"
EndProject
Project("{FAE04EC0-301F-11D3-BF4B-00C04F79EFBC}") = "09SumOfNnumbers", "09SumOfNnumbers\09SumOfNnumbers.csproj", "{A961CCB7-583E-4AA6-BB17-F1009AD80BF9}"
EndProject
Project("{FAE04EC0-301F-11D3-BF4B-00C04F79EFBC}") = "10FibonacciNumbers", "10FibonacciNumbers\10FibonacciNumbers.csproj", "{E2BFC63B-92A7-47C9-9442-0982F35CD761}"
EndProject
Project("{FAE04EC0-301F-11D3-BF4B-00C04F79EFBC}") = "11NumbersInIntervalDividableByN", "11NumbersInIntervalDividableByN\11NumbersInIntervalDividableByN.csproj", "{CC854F02-FA48-4AFA-AA2C-DD52E347FBCF}"
EndProject
Global
	GlobalSection(SolutionConfigurationPlatforms) = preSolution
		Debug|Any CPU = Debug|Any CPU
		Release|Any CPU = Release|Any CPU
	EndGlobalSection
	GlobalSection(ProjectConfigurationPlatforms) = postSolution
		{28837026-5C01-4990-A514-F906F5E06F22}.Debug|Any CPU.ActiveCfg = Debug|Any CPU
		{28837026-5C01-4990-A514-F906F5E06F22}.Debug|Any CPU.Build.0 = Debug|Any CPU
		{28837026-5C01-4990-A514-F906F5E06F22}.Release|Any CPU.ActiveCfg = Release|Any CPU
		{28837026-5C01-4990-A514-F906F5E06F22}.Release|Any CPU.Build.0 = Release|Any CPU
		{F4BD9F8E-180B-4B66-8DEC-5A6700E9C4DB}.Debug|Any CPU.ActiveCfg = Debug|Any CPU
		{F4BD9F8E-180B-4B66-8DEC-5A6700E9C4DB}.Debug|Any CPU.Build.0 = Debug|Any CPU
		{F4BD9F8E-180B-4B66-8DEC-5A6700E9C4DB}.Release|Any CPU.ActiveCfg = Release|Any CPU
		{F4BD9F8E-180B-4B66-8DEC-5A6700E9C4DB}.Release|Any CPU.Build.0 = Release|Any CPU
		{E5F943BF-E974-4DE7-8DFE-96C956242FEA}.Debug|Any CPU.ActiveCfg = Debug|Any CPU
		{E5F943BF-E974-4DE7-8DFE-96C956242FEA}.Debug|Any CPU.Build.0 = Debug|Any CPU
		{E5F943BF-E974-4DE7-8DFE-96C956242FEA}.Release|Any CPU.ActiveCfg = Release|Any CPU
		{E5F943BF-E974-4DE7-8DFE-96C956242FEA}.Release|Any CPU.Build.0 = Release|Any CPU
		{AF5FF8E8-53E0-4032-8EEC-C1F84AAFB6FC}.Debug|Any CPU.ActiveCfg = Debug|Any CPU
		{AF5FF8E8-53E0-4032-8EEC-C1F84AAFB6FC}.Debug|Any CPU.Build.0 = Debug|Any CPU
		{AF5FF8E8-53E0-4032-8EEC-C1F84AAFB6FC}.Release|Any CPU.ActiveCfg = Release|Any CPU
		{AF5FF8E8-53E0-4032-8EEC-C1F84AAFB6FC}.Release|Any CPU.Build.0 = Release|Any CPU
		{12DF558D-8779-4B22-B7C6-20EED5FDD4D2}.Debug|Any CPU.ActiveCfg = Debug|Any CPU
		{12DF558D-8779-4B22-B7C6-20EED5FDD4D2}.Debug|Any CPU.Build.0 = Debug|Any CPU
		{12DF558D-8779-4B22-B7C6-20EED5FDD4D2}.Release|Any CPU.ActiveCfg = Release|Any CPU
		{12DF558D-8779-4B22-B7C6-20EED5FDD4D2}.Release|Any CPU.Build.0 = Release|Any CPU
		{9B1DE753-281F-4F3A-A215-804E7EEC50F6}.Debug|Any CPU.ActiveCfg = Debug|Any CPU
		{9B1DE753-281F-4F3A-A215-804E7EEC50F6}.Debug|Any CPU.Build.0 = Debug|Any CPU
		{9B1DE753-281F-4F3A-A215-804E7EEC50F6}.Release|Any CPU.ActiveCfg = Release|Any CPU
		{9B1DE753-281F-4F3A-A215-804E7EEC50F6}.Release|Any CPU.Build.0 = Release|Any CPU
		{311CF4D6-F3F0-43C3-80B2-E0A14B334927}.Debug|Any CPU.ActiveCfg = Debug|Any CPU
		{311CF4D6-F3F0-43C3-80B2-E0A14B334927}.Debug|Any CPU.Build.0 = Debug|Any CPU
		{311CF4D6-F3F0-43C3-80B2-E0A14B334927}.Release|Any CPU.ActiveCfg = Release|Any CPU
		{311CF4D6-F3F0-43C3-80B2-E0A14B334927}.Release|Any CPU.Build.0 = Release|Any CPU
		{0887347F-5F3D-4DD5-B615-D28887CC54CD}.Debug|Any CPU.ActiveCfg = Debug|Any CPU
		{0887347F-5F3D-4DD5-B615-D28887CC54CD}.Debug|Any CPU.Build.0 = Debug|Any CPU
		{0887347F-5F3D-4DD5-B615-D28887CC54CD}.Release|Any CPU.ActiveCfg = Release|Any CPU
		{0887347F-5F3D-4DD5-B615-D28887CC54CD}.Release|Any CPU.Build.0 = Release|Any CPU
		{A961CCB7-583E-4AA6-BB17-F1009AD80BF9}.Debug|Any CPU.ActiveCfg = Debug|Any CPU
		{A961CCB7-583E-4AA6-BB17-F1009AD80BF9}.Debug|Any CPU.Build.0 = Debug|Any CPU
		{A961CCB7-583E-4AA6-BB17-F1009AD80BF9}.Release|Any CPU.ActiveCfg = Release|Any CPU
		{A961CCB7-583E-4AA6-BB17-F1009AD80BF9}.Release|Any CPU.Build.0 = Release|Any CPU
		{E2BFC63B-92A7-47C9-9442-0982F35CD761}.Debug|Any CPU.ActiveCfg = Debug|Any CPU
		{E2BFC63B-92A7-47C9-9442-0982F35CD761}.Debug|Any CPU.Build.0 = Debug|Any CPU
		{E2BFC63B-92A7-47C9-9442-0982F35CD761}.Release|Any CPU.ActiveCfg = Release|Any CPU
		{E2BFC63B-92A7-47C9-9442-0982F35CD761}.Release|Any CPU.Build.0 = Release|Any CPU
		{CC854F02-FA48-4AFA-AA2C-DD52E347FBCF}.Debug|Any CPU.ActiveCfg = Debug|Any CPU
		{CC854F02-FA48-4AFA-AA2C-DD52E347FBCF}.Debug|Any CPU.Build.0 = Debug|Any CPU
		{CC854F02-FA48-4AFA-AA2C-DD52E347FBCF}.Release|Any CPU.ActiveCfg = Release|Any CPU
		{CC854F02-FA48-4AFA-AA2C-DD52E347FBCF}.Release|Any CPU.Build.0 = Release|Any CPU
	EndGlobalSection
	GlobalSection(SolutionProperties) = preSolution
		HideSolutionNode = FALSE
	EndGlobalSection
EndGlobal
