
Microsoft Visual Studio Solution File, Format Version 12.00
# Visual Studio 2013
VisualStudioVersion = 12.0.40629.0
MinimumVisualStudioVersion = 10.0.40219.1
Project("{FAE04EC0-301F-11D3-BF4B-00C04F79EFBC}") = "01GalacticGPS", "01GalacticGPS\01GalacticGPS.csproj", "{5D53E0BB-312E-4CF1-8FCA-8EEEAAA489C3}"
EndProject
Project("{FAE04EC0-301F-11D3-BF4B-00C04F79EFBC}") = "02FractionCalculator", "02FractionCalculator\02FractionCalculator.csproj", "{BD9F5634-BE22-4E5A-848C-4E84314EDF77}"
EndProject
Project("{FAE04EC0-301F-11D3-BF4B-00C04F79EFBC}") = "GenericList", "GenericList\GenericList.csproj", "{AADC3AD7-68E4-4C68-9C99-29AFFB2CDBC9}"
EndProject
Global
	GlobalSection(SolutionConfigurationPlatforms) = preSolution
		Debug|Any CPU = Debug|Any CPU
		Release|Any CPU = Release|Any CPU
	EndGlobalSection
	GlobalSection(ProjectConfigurationPlatforms) = postSolution
		{5D53E0BB-312E-4CF1-8FCA-8EEEAAA489C3}.Debug|Any CPU.ActiveCfg = Debug|Any CPU
		{5D53E0BB-312E-4CF1-8FCA-8EEEAAA489C3}.Debug|Any CPU.Build.0 = Debug|Any CPU
		{5D53E0BB-312E-4CF1-8FCA-8EEEAAA489C3}.Release|Any CPU.ActiveCfg = Release|Any CPU
		{5D53E0BB-312E-4CF1-8FCA-8EEEAAA489C3}.Release|Any CPU.Build.0 = Release|Any CPU
		{BD9F5634-BE22-4E5A-848C-4E84314EDF77}.Debug|Any CPU.ActiveCfg = Debug|Any CPU
		{BD9F5634-BE22-4E5A-848C-4E84314EDF77}.Debug|Any CPU.Build.0 = Debug|Any CPU
		{BD9F5634-BE22-4E5A-848C-4E84314EDF77}.Release|Any CPU.ActiveCfg = Release|Any CPU
		{BD9F5634-BE22-4E5A-848C-4E84314EDF77}.Release|Any CPU.Build.0 = Release|Any CPU
		{AADC3AD7-68E4-4C68-9C99-29AFFB2CDBC9}.Debug|Any CPU.ActiveCfg = Debug|Any CPU
		{AADC3AD7-68E4-4C68-9C99-29AFFB2CDBC9}.Debug|Any CPU.Build.0 = Debug|Any CPU
		{AADC3AD7-68E4-4C68-9C99-29AFFB2CDBC9}.Release|Any CPU.ActiveCfg = Release|Any CPU
		{AADC3AD7-68E4-4C68-9C99-29AFFB2CDBC9}.Release|Any CPU.Build.0 = Release|Any CPU
	EndGlobalSection
	GlobalSection(SolutionProperties) = preSolution
		HideSolutionNode = FALSE
	EndGlobalSection
EndGlobal
