
Microsoft Visual Studio Solution File, Format Version 12.00
# Visual Studio 2013
VisualStudioVersion = 12.0.31101.0
MinimumVisualStudioVersion = 10.0.40219.1
Project("{FAE04EC0-301F-11D3-BF4B-00C04F79EFBC}") = "01HumanStudentWorker", "HumanStudentWorker\01HumanStudentWorker.csproj", "{D79CE9FA-6673-4E03-901A-2FEBD93984F4}"
EndProject
Project("{FAE04EC0-301F-11D3-BF4B-00C04F79EFBC}") = "02Animals", "02Animals\02Animals.csproj", "{76445612-B6C2-48B2-B770-1D46560A9509}"
EndProject
Project("{FAE04EC0-301F-11D3-BF4B-00C04F79EFBC}") = "03CompanyHierarchy", "03CompanyHierarchy\03CompanyHierarchy.csproj", "{602D789B-C1D4-47E6-8F8D-2048994F3C8D}"
EndProject
Project("{FAE04EC0-301F-11D3-BF4B-00C04F79EFBC}") = "OtherTypesExercise", "OtherTypesExercise\OtherTypesExercise.csproj", "{A99595E1-D78A-49BA-81F2-2E80C982B16D}"
EndProject
Global
	GlobalSection(SolutionConfigurationPlatforms) = preSolution
		Debug|Any CPU = Debug|Any CPU
		Release|Any CPU = Release|Any CPU
	EndGlobalSection
	GlobalSection(ProjectConfigurationPlatforms) = postSolution
		{D79CE9FA-6673-4E03-901A-2FEBD93984F4}.Debug|Any CPU.ActiveCfg = Debug|Any CPU
		{D79CE9FA-6673-4E03-901A-2FEBD93984F4}.Debug|Any CPU.Build.0 = Debug|Any CPU
		{D79CE9FA-6673-4E03-901A-2FEBD93984F4}.Release|Any CPU.ActiveCfg = Release|Any CPU
		{D79CE9FA-6673-4E03-901A-2FEBD93984F4}.Release|Any CPU.Build.0 = Release|Any CPU
		{76445612-B6C2-48B2-B770-1D46560A9509}.Debug|Any CPU.ActiveCfg = Debug|Any CPU
		{76445612-B6C2-48B2-B770-1D46560A9509}.Debug|Any CPU.Build.0 = Debug|Any CPU
		{76445612-B6C2-48B2-B770-1D46560A9509}.Release|Any CPU.ActiveCfg = Release|Any CPU
		{76445612-B6C2-48B2-B770-1D46560A9509}.Release|Any CPU.Build.0 = Release|Any CPU
		{602D789B-C1D4-47E6-8F8D-2048994F3C8D}.Debug|Any CPU.ActiveCfg = Debug|Any CPU
		{602D789B-C1D4-47E6-8F8D-2048994F3C8D}.Debug|Any CPU.Build.0 = Debug|Any CPU
		{602D789B-C1D4-47E6-8F8D-2048994F3C8D}.Release|Any CPU.ActiveCfg = Release|Any CPU
		{602D789B-C1D4-47E6-8F8D-2048994F3C8D}.Release|Any CPU.Build.0 = Release|Any CPU
		{A99595E1-D78A-49BA-81F2-2E80C982B16D}.Debug|Any CPU.ActiveCfg = Debug|Any CPU
		{A99595E1-D78A-49BA-81F2-2E80C982B16D}.Debug|Any CPU.Build.0 = Debug|Any CPU
		{A99595E1-D78A-49BA-81F2-2E80C982B16D}.Release|Any CPU.ActiveCfg = Release|Any CPU
		{A99595E1-D78A-49BA-81F2-2E80C982B16D}.Release|Any CPU.Build.0 = Release|Any CPU
	EndGlobalSection
	GlobalSection(SolutionProperties) = preSolution
		HideSolutionNode = FALSE
	EndGlobalSection
EndGlobal
