
Microsoft Visual Studio Solution File, Format Version 12.00
# Visual Studio 2013
VisualStudioVersion = 12.0.40629.0
MinimumVisualStudioVersion = 10.0.40219.1
Project("{FAE04EC0-301F-11D3-BF4B-00C04F79EFBC}") = "01CustomLINqExtensionMethods", "01CustomLINqExtensionMethods\01CustomLINqExtensionMethods.csproj", "{FD8F5AD8-B7CA-42BB-B854-2169E409F71C}"
EndProject
Project("{FAE04EC0-301F-11D3-BF4B-00C04F79EFBC}") = "02InterestCalculator", "02InterestCalculator\02InterestCalculator.csproj", "{1FD2BF97-E884-4B93-9060-EC56FD025338}"
EndProject
Project("{FAE04EC0-301F-11D3-BF4B-00C04F79EFBC}") = "03AsynchronousTimer", "03AsynchronousTimer\03AsynchronousTimer.csproj", "{F40FFD29-9E1C-4B41-A716-C6B74C1DB2C2}"
EndProject
Global
	GlobalSection(SolutionConfigurationPlatforms) = preSolution
		Debug|Any CPU = Debug|Any CPU
		Release|Any CPU = Release|Any CPU
	EndGlobalSection
	GlobalSection(ProjectConfigurationPlatforms) = postSolution
		{FD8F5AD8-B7CA-42BB-B854-2169E409F71C}.Debug|Any CPU.ActiveCfg = Debug|Any CPU
		{FD8F5AD8-B7CA-42BB-B854-2169E409F71C}.Debug|Any CPU.Build.0 = Debug|Any CPU
		{FD8F5AD8-B7CA-42BB-B854-2169E409F71C}.Release|Any CPU.ActiveCfg = Release|Any CPU
		{FD8F5AD8-B7CA-42BB-B854-2169E409F71C}.Release|Any CPU.Build.0 = Release|Any CPU
		{1FD2BF97-E884-4B93-9060-EC56FD025338}.Debug|Any CPU.ActiveCfg = Debug|Any CPU
		{1FD2BF97-E884-4B93-9060-EC56FD025338}.Debug|Any CPU.Build.0 = Debug|Any CPU
		{1FD2BF97-E884-4B93-9060-EC56FD025338}.Release|Any CPU.ActiveCfg = Release|Any CPU
		{1FD2BF97-E884-4B93-9060-EC56FD025338}.Release|Any CPU.Build.0 = Release|Any CPU
		{F40FFD29-9E1C-4B41-A716-C6B74C1DB2C2}.Debug|Any CPU.ActiveCfg = Debug|Any CPU
		{F40FFD29-9E1C-4B41-A716-C6B74C1DB2C2}.Debug|Any CPU.Build.0 = Debug|Any CPU
		{F40FFD29-9E1C-4B41-A716-C6B74C1DB2C2}.Release|Any CPU.ActiveCfg = Release|Any CPU
		{F40FFD29-9E1C-4B41-A716-C6B74C1DB2C2}.Release|Any CPU.Build.0 = Release|Any CPU
	EndGlobalSection
	GlobalSection(SolutionProperties) = preSolution
		HideSolutionNode = FALSE
	EndGlobalSection
EndGlobal
