
Microsoft Visual Studio Solution File, Format Version 12.00
# Visual Studio 14
VisualStudioVersion = 14.0.24720.0
MinimumVisualStudioVersion = 10.0.40219.1
Project("{FAE04EC0-301F-11D3-BF4B-00C04F79EFBC}") = "BinomialCoefficients", "BinomialCoefficients\BinomialCoefficients.csproj", "{7EB02F99-4186-4C6D-B5F5-BE88E7ECD9F2}"
EndProject
Project("{FAE04EC0-301F-11D3-BF4B-00C04F79EFBC}") = "LongestZigzagSubsequence", "LongestZigzagSubsequence\LongestZigzagSubsequence.csproj", "{7939F9EF-5C49-4A6E-A2F4-9EC8934D6DE0}"
EndProject
Project("{FAE04EC0-301F-11D3-BF4B-00C04F79EFBC}") = "DividingPresents", "DividingPresents\DividingPresents.csproj", "{09BF9878-5730-456E-975D-4A4F30D3A259}"
EndProject
Project("{FAE04EC0-301F-11D3-BF4B-00C04F79EFBC}") = "SumWithUnlimitedAmountOfCoins", "SubssetSumWithRepeatsRecovery\SumWithUnlimitedAmountOfCoins.csproj", "{2FEC6D7D-0868-4633-84EE-67A72BDCDAC6}"
EndProject
Project("{FAE04EC0-301F-11D3-BF4B-00C04F79EFBC}") = "SumWithLimitedCoins", "SumWithLimitedCoins\SumWithLimitedCoins.csproj", "{3EEE9CD0-24C1-4E45-8719-668E964C904B}"
EndProject
Project("{FAE04EC0-301F-11D3-BF4B-00C04F79EFBC}") = "LongestCommonSubsequence", "LongestCommonSubsequence\LongestCommonSubsequence.csproj", "{F15D6B0D-2305-4171-B1D5-17BFED99564C}"
EndProject
Global
	GlobalSection(SolutionConfigurationPlatforms) = preSolution
		Debug|Any CPU = Debug|Any CPU
		Release|Any CPU = Release|Any CPU
	EndGlobalSection
	GlobalSection(ProjectConfigurationPlatforms) = postSolution
		{7EB02F99-4186-4C6D-B5F5-BE88E7ECD9F2}.Debug|Any CPU.ActiveCfg = Debug|Any CPU
		{7EB02F99-4186-4C6D-B5F5-BE88E7ECD9F2}.Debug|Any CPU.Build.0 = Debug|Any CPU
		{7EB02F99-4186-4C6D-B5F5-BE88E7ECD9F2}.Release|Any CPU.ActiveCfg = Release|Any CPU
		{7EB02F99-4186-4C6D-B5F5-BE88E7ECD9F2}.Release|Any CPU.Build.0 = Release|Any CPU
		{7939F9EF-5C49-4A6E-A2F4-9EC8934D6DE0}.Debug|Any CPU.ActiveCfg = Debug|Any CPU
		{7939F9EF-5C49-4A6E-A2F4-9EC8934D6DE0}.Debug|Any CPU.Build.0 = Debug|Any CPU
		{7939F9EF-5C49-4A6E-A2F4-9EC8934D6DE0}.Release|Any CPU.ActiveCfg = Release|Any CPU
		{7939F9EF-5C49-4A6E-A2F4-9EC8934D6DE0}.Release|Any CPU.Build.0 = Release|Any CPU
		{09BF9878-5730-456E-975D-4A4F30D3A259}.Debug|Any CPU.ActiveCfg = Debug|Any CPU
		{09BF9878-5730-456E-975D-4A4F30D3A259}.Debug|Any CPU.Build.0 = Debug|Any CPU
		{09BF9878-5730-456E-975D-4A4F30D3A259}.Release|Any CPU.ActiveCfg = Release|Any CPU
		{09BF9878-5730-456E-975D-4A4F30D3A259}.Release|Any CPU.Build.0 = Release|Any CPU
		{2FEC6D7D-0868-4633-84EE-67A72BDCDAC6}.Debug|Any CPU.ActiveCfg = Debug|Any CPU
		{2FEC6D7D-0868-4633-84EE-67A72BDCDAC6}.Debug|Any CPU.Build.0 = Debug|Any CPU
		{2FEC6D7D-0868-4633-84EE-67A72BDCDAC6}.Release|Any CPU.ActiveCfg = Release|Any CPU
		{2FEC6D7D-0868-4633-84EE-67A72BDCDAC6}.Release|Any CPU.Build.0 = Release|Any CPU
		{3EEE9CD0-24C1-4E45-8719-668E964C904B}.Debug|Any CPU.ActiveCfg = Debug|Any CPU
		{3EEE9CD0-24C1-4E45-8719-668E964C904B}.Debug|Any CPU.Build.0 = Debug|Any CPU
		{3EEE9CD0-24C1-4E45-8719-668E964C904B}.Release|Any CPU.ActiveCfg = Release|Any CPU
		{3EEE9CD0-24C1-4E45-8719-668E964C904B}.Release|Any CPU.Build.0 = Release|Any CPU
		{F15D6B0D-2305-4171-B1D5-17BFED99564C}.Debug|Any CPU.ActiveCfg = Debug|Any CPU
		{F15D6B0D-2305-4171-B1D5-17BFED99564C}.Debug|Any CPU.Build.0 = Debug|Any CPU
		{F15D6B0D-2305-4171-B1D5-17BFED99564C}.Release|Any CPU.ActiveCfg = Release|Any CPU
		{F15D6B0D-2305-4171-B1D5-17BFED99564C}.Release|Any CPU.Build.0 = Release|Any CPU
	EndGlobalSection
	GlobalSection(SolutionProperties) = preSolution
		HideSolutionNode = FALSE
	EndGlobalSection
EndGlobal
