
Microsoft Visual Studio Solution File, Format Version 12.00
# Visual Studio 14
VisualStudioVersion = 14.0.23107.0
MinimumVisualStudioVersion = 10.0.40219.1
Project("{FAE04EC0-301F-11D3-BF4B-00C04F79EFBC}") = "Scoreboard.Solution", "Scoreboard.Solution\Scoreboard.Solution.csproj", "{026AF8CF-EA50-4D66-81A4-D65A15156EE2}"
EndProject
Project("{FAE04EC0-301F-11D3-BF4B-00C04F79EFBC}") = "Scoreboard.Tests", "Scoreboard.Tests\Scoreboard.Tests.csproj", "{1729C744-3C0E-4545-A75F-423241D27153}"
EndProject
Project("{FAE04EC0-301F-11D3-BF4B-00C04F79EFBC}") = "Scoreboard.SlowSolution", "Scoreboard.SlowSolution\Scoreboard.SlowSolution.csproj", "{879D719B-8309-4360-BC2A-A439B936D911}"
EndProject
Global
	GlobalSection(SolutionConfigurationPlatforms) = preSolution
		Debug|Any CPU = Debug|Any CPU
		Release|Any CPU = Release|Any CPU
	EndGlobalSection
	GlobalSection(ProjectConfigurationPlatforms) = postSolution
		{026AF8CF-EA50-4D66-81A4-D65A15156EE2}.Debug|Any CPU.ActiveCfg = Debug|Any CPU
		{026AF8CF-EA50-4D66-81A4-D65A15156EE2}.Debug|Any CPU.Build.0 = Debug|Any CPU
		{026AF8CF-EA50-4D66-81A4-D65A15156EE2}.Release|Any CPU.ActiveCfg = Release|Any CPU
		{026AF8CF-EA50-4D66-81A4-D65A15156EE2}.Release|Any CPU.Build.0 = Release|Any CPU
		{1729C744-3C0E-4545-A75F-423241D27153}.Debug|Any CPU.ActiveCfg = Debug|Any CPU
		{1729C744-3C0E-4545-A75F-423241D27153}.Debug|Any CPU.Build.0 = Debug|Any CPU
		{1729C744-3C0E-4545-A75F-423241D27153}.Release|Any CPU.ActiveCfg = Release|Any CPU
		{1729C744-3C0E-4545-A75F-423241D27153}.Release|Any CPU.Build.0 = Release|Any CPU
		{E3D91BBD-6CF0-4006-B1EF-61428DD1F174}.Debug|Any CPU.ActiveCfg = Debug|Any CPU
		{E3D91BBD-6CF0-4006-B1EF-61428DD1F174}.Debug|Any CPU.Build.0 = Debug|Any CPU
		{E3D91BBD-6CF0-4006-B1EF-61428DD1F174}.Release|Any CPU.ActiveCfg = Release|Any CPU
		{E3D91BBD-6CF0-4006-B1EF-61428DD1F174}.Release|Any CPU.Build.0 = Release|Any CPU
		{879D719B-8309-4360-BC2A-A439B936D911}.Debug|Any CPU.ActiveCfg = Debug|Any CPU
		{879D719B-8309-4360-BC2A-A439B936D911}.Debug|Any CPU.Build.0 = Debug|Any CPU
		{879D719B-8309-4360-BC2A-A439B936D911}.Release|Any CPU.ActiveCfg = Release|Any CPU
		{879D719B-8309-4360-BC2A-A439B936D911}.Release|Any CPU.Build.0 = Release|Any CPU
	EndGlobalSection
	GlobalSection(SolutionProperties) = preSolution
		HideSolutionNode = FALSE
	EndGlobalSection
EndGlobal
