
Microsoft Visual Studio Solution File, Format Version 12.00
# Visual Studio 2013
VisualStudioVersion = 12.0.40629.0
MinimumVisualStudioVersion = 10.0.40219.1
Project("{FAE04EC0-301F-11D3-BF4B-00C04F79EFBC}") = "01NumbersFrom1toN", "01NumbersFrom1toN\01NumbersFrom1toN.csproj", "{B8EC86F2-F1B3-433D-A8E0-7E907A364CCA}"
EndProject
Project("{FAE04EC0-301F-11D3-BF4B-00C04F79EFBC}") = "02NumbersNotDivisibleBy3And7", "02NumbersNotDivisibleBy3And7\02NumbersNotDivisibleBy3And7.csproj", "{44D4FF2F-7257-42C8-BCF7-EDB43035C21C}"
EndProject
Project("{FAE04EC0-301F-11D3-BF4B-00C04F79EFBC}") = "03MinMaxSumAndAverageOfNNumbers", "03MinMaxSumAndAverageOfNNumbers\03MinMaxSumAndAverageOfNNumbers.csproj", "{E82EB14E-BA08-4AD2-8D5A-E03F701F70E8}"
EndProject
Project("{FAE04EC0-301F-11D3-BF4B-00C04F79EFBC}") = "04PrintADeck", "04PrintADeck\04PrintADeck.csproj", "{02739951-8C6F-486F-9AE0-4F6B97F5ADE4}"
EndProject
Project("{FAE04EC0-301F-11D3-BF4B-00C04F79EFBC}") = "05CalculateSumS", "05CalculateSumS\05CalculateSumS.csproj", "{D26A9684-7A21-47C7-BD18-909858CE72A2}"
EndProject
Project("{FAE04EC0-301F-11D3-BF4B-00C04F79EFBC}") = "06CalculatationsWithFac", "06CalculatationsWithFac\06CalculatationsWithFac.csproj", "{E5863168-918E-4227-9B5E-30BC03596551}"
EndProject
Project("{FAE04EC0-301F-11D3-BF4B-00C04F79EFBC}") = "07CalculateN-K(N-K)", "07CalculateN-K(N-K)\07CalculateN-K(N-K).csproj", "{33757943-9E2E-4851-BCC9-573FA3F66C3D}"
EndProject
Project("{FAE04EC0-301F-11D3-BF4B-00C04F79EFBC}") = "08CatalanNumbers", "08CatalanNumbers\08CatalanNumbers.csproj", "{1D1F49B4-7CA3-4C0E-A4E8-D6002A810A77}"
EndProject
Project("{FAE04EC0-301F-11D3-BF4B-00C04F79EFBC}") = "09NatrixOfNumbers", "09NatrixOfNumbers\09NatrixOfNumbers.csproj", "{514F0FE7-9279-4991-BB83-6A9F59F8CC08}"
EndProject
Project("{FAE04EC0-301F-11D3-BF4B-00C04F79EFBC}") = "10OddAndEvenProduct", "10OddAndEvenProduct\10OddAndEvenProduct.csproj", "{4B88F1AE-779D-4A81-95B5-A7ECBDECABFA}"
EndProject
Project("{FAE04EC0-301F-11D3-BF4B-00C04F79EFBC}") = "11RandomNumbersInGivenRange", "11RandomNumbersInGivenRange\11RandomNumbersInGivenRange.csproj", "{AB897E3D-A1FB-4602-B0D2-B82165E51E6B}"
EndProject
Project("{FAE04EC0-301F-11D3-BF4B-00C04F79EFBC}") = "12RandomizeNumbers1ToN", "12RandomizeNumbers1ToN\12RandomizeNumbers1ToN.csproj", "{C371CA7A-DCBC-4626-8032-4EE3422F45FF}"
EndProject
Project("{FAE04EC0-301F-11D3-BF4B-00C04F79EFBC}") = "13BinaryToDecimalNumber", "13BinaryToDecimalNumber\13BinaryToDecimalNumber.csproj", "{1632B462-2DC3-49D9-A68D-E43483BFAF65}"
EndProject
Project("{FAE04EC0-301F-11D3-BF4B-00C04F79EFBC}") = "14DecimalToBinary", "14DecimalToBinary\14DecimalToBinary.csproj", "{303E879E-FC7E-4065-9A88-B48AB754F013}"
EndProject
Project("{FAE04EC0-301F-11D3-BF4B-00C04F79EFBC}") = "15HexaToDecNumber", "15HexaToDecNumber\15HexaToDecNumber.csproj", "{A7F8900A-C596-478A-8E44-83F43FF13060}"
EndProject
Project("{FAE04EC0-301F-11D3-BF4B-00C04F79EFBC}") = "16DecToHex", "16DecToHex\16DecToHex.csproj", "{C4553FFC-C96A-4940-B1AC-9B8E91658EA8}"
EndProject
Project("{FAE04EC0-301F-11D3-BF4B-00C04F79EFBC}") = "17CalculateGCD", "17CalculateGCD\17CalculateGCD.csproj", "{DB3A2B54-48D2-44FD-9254-878A2FE6DD62}"
EndProject
Global
	GlobalSection(SolutionConfigurationPlatforms) = preSolution
		Debug|Any CPU = Debug|Any CPU
		Release|Any CPU = Release|Any CPU
	EndGlobalSection
	GlobalSection(ProjectConfigurationPlatforms) = postSolution
		{B8EC86F2-F1B3-433D-A8E0-7E907A364CCA}.Debug|Any CPU.ActiveCfg = Debug|Any CPU
		{B8EC86F2-F1B3-433D-A8E0-7E907A364CCA}.Debug|Any CPU.Build.0 = Debug|Any CPU
		{B8EC86F2-F1B3-433D-A8E0-7E907A364CCA}.Release|Any CPU.ActiveCfg = Release|Any CPU
		{B8EC86F2-F1B3-433D-A8E0-7E907A364CCA}.Release|Any CPU.Build.0 = Release|Any CPU
		{44D4FF2F-7257-42C8-BCF7-EDB43035C21C}.Debug|Any CPU.ActiveCfg = Debug|Any CPU
		{44D4FF2F-7257-42C8-BCF7-EDB43035C21C}.Debug|Any CPU.Build.0 = Debug|Any CPU
		{44D4FF2F-7257-42C8-BCF7-EDB43035C21C}.Release|Any CPU.ActiveCfg = Release|Any CPU
		{44D4FF2F-7257-42C8-BCF7-EDB43035C21C}.Release|Any CPU.Build.0 = Release|Any CPU
		{E82EB14E-BA08-4AD2-8D5A-E03F701F70E8}.Debug|Any CPU.ActiveCfg = Debug|Any CPU
		{E82EB14E-BA08-4AD2-8D5A-E03F701F70E8}.Debug|Any CPU.Build.0 = Debug|Any CPU
		{E82EB14E-BA08-4AD2-8D5A-E03F701F70E8}.Release|Any CPU.ActiveCfg = Release|Any CPU
		{E82EB14E-BA08-4AD2-8D5A-E03F701F70E8}.Release|Any CPU.Build.0 = Release|Any CPU
		{02739951-8C6F-486F-9AE0-4F6B97F5ADE4}.Debug|Any CPU.ActiveCfg = Debug|Any CPU
		{02739951-8C6F-486F-9AE0-4F6B97F5ADE4}.Debug|Any CPU.Build.0 = Debug|Any CPU
		{02739951-8C6F-486F-9AE0-4F6B97F5ADE4}.Release|Any CPU.ActiveCfg = Release|Any CPU
		{02739951-8C6F-486F-9AE0-4F6B97F5ADE4}.Release|Any CPU.Build.0 = Release|Any CPU
		{D26A9684-7A21-47C7-BD18-909858CE72A2}.Debug|Any CPU.ActiveCfg = Debug|Any CPU
		{D26A9684-7A21-47C7-BD18-909858CE72A2}.Debug|Any CPU.Build.0 = Debug|Any CPU
		{D26A9684-7A21-47C7-BD18-909858CE72A2}.Release|Any CPU.ActiveCfg = Release|Any CPU
		{D26A9684-7A21-47C7-BD18-909858CE72A2}.Release|Any CPU.Build.0 = Release|Any CPU
		{E5863168-918E-4227-9B5E-30BC03596551}.Debug|Any CPU.ActiveCfg = Debug|Any CPU
		{E5863168-918E-4227-9B5E-30BC03596551}.Debug|Any CPU.Build.0 = Debug|Any CPU
		{E5863168-918E-4227-9B5E-30BC03596551}.Release|Any CPU.ActiveCfg = Release|Any CPU
		{E5863168-918E-4227-9B5E-30BC03596551}.Release|Any CPU.Build.0 = Release|Any CPU
		{33757943-9E2E-4851-BCC9-573FA3F66C3D}.Debug|Any CPU.ActiveCfg = Debug|Any CPU
		{33757943-9E2E-4851-BCC9-573FA3F66C3D}.Debug|Any CPU.Build.0 = Debug|Any CPU
		{33757943-9E2E-4851-BCC9-573FA3F66C3D}.Release|Any CPU.ActiveCfg = Release|Any CPU
		{33757943-9E2E-4851-BCC9-573FA3F66C3D}.Release|Any CPU.Build.0 = Release|Any CPU
		{1D1F49B4-7CA3-4C0E-A4E8-D6002A810A77}.Debug|Any CPU.ActiveCfg = Debug|Any CPU
		{1D1F49B4-7CA3-4C0E-A4E8-D6002A810A77}.Debug|Any CPU.Build.0 = Debug|Any CPU
		{1D1F49B4-7CA3-4C0E-A4E8-D6002A810A77}.Release|Any CPU.ActiveCfg = Release|Any CPU
		{1D1F49B4-7CA3-4C0E-A4E8-D6002A810A77}.Release|Any CPU.Build.0 = Release|Any CPU
		{514F0FE7-9279-4991-BB83-6A9F59F8CC08}.Debug|Any CPU.ActiveCfg = Debug|Any CPU
		{514F0FE7-9279-4991-BB83-6A9F59F8CC08}.Debug|Any CPU.Build.0 = Debug|Any CPU
		{514F0FE7-9279-4991-BB83-6A9F59F8CC08}.Release|Any CPU.ActiveCfg = Release|Any CPU
		{514F0FE7-9279-4991-BB83-6A9F59F8CC08}.Release|Any CPU.Build.0 = Release|Any CPU
		{4B88F1AE-779D-4A81-95B5-A7ECBDECABFA}.Debug|Any CPU.ActiveCfg = Debug|Any CPU
		{4B88F1AE-779D-4A81-95B5-A7ECBDECABFA}.Debug|Any CPU.Build.0 = Debug|Any CPU
		{4B88F1AE-779D-4A81-95B5-A7ECBDECABFA}.Release|Any CPU.ActiveCfg = Release|Any CPU
		{4B88F1AE-779D-4A81-95B5-A7ECBDECABFA}.Release|Any CPU.Build.0 = Release|Any CPU
		{AB897E3D-A1FB-4602-B0D2-B82165E51E6B}.Debug|Any CPU.ActiveCfg = Debug|Any CPU
		{AB897E3D-A1FB-4602-B0D2-B82165E51E6B}.Debug|Any CPU.Build.0 = Debug|Any CPU
		{AB897E3D-A1FB-4602-B0D2-B82165E51E6B}.Release|Any CPU.ActiveCfg = Release|Any CPU
		{AB897E3D-A1FB-4602-B0D2-B82165E51E6B}.Release|Any CPU.Build.0 = Release|Any CPU
		{C371CA7A-DCBC-4626-8032-4EE3422F45FF}.Debug|Any CPU.ActiveCfg = Debug|Any CPU
		{C371CA7A-DCBC-4626-8032-4EE3422F45FF}.Debug|Any CPU.Build.0 = Debug|Any CPU
		{C371CA7A-DCBC-4626-8032-4EE3422F45FF}.Release|Any CPU.ActiveCfg = Release|Any CPU
		{C371CA7A-DCBC-4626-8032-4EE3422F45FF}.Release|Any CPU.Build.0 = Release|Any CPU
		{1632B462-2DC3-49D9-A68D-E43483BFAF65}.Debug|Any CPU.ActiveCfg = Debug|Any CPU
		{1632B462-2DC3-49D9-A68D-E43483BFAF65}.Debug|Any CPU.Build.0 = Debug|Any CPU
		{1632B462-2DC3-49D9-A68D-E43483BFAF65}.Release|Any CPU.ActiveCfg = Release|Any CPU
		{1632B462-2DC3-49D9-A68D-E43483BFAF65}.Release|Any CPU.Build.0 = Release|Any CPU
		{303E879E-FC7E-4065-9A88-B48AB754F013}.Debug|Any CPU.ActiveCfg = Debug|Any CPU
		{303E879E-FC7E-4065-9A88-B48AB754F013}.Debug|Any CPU.Build.0 = Debug|Any CPU
		{303E879E-FC7E-4065-9A88-B48AB754F013}.Release|Any CPU.ActiveCfg = Release|Any CPU
		{303E879E-FC7E-4065-9A88-B48AB754F013}.Release|Any CPU.Build.0 = Release|Any CPU
		{A7F8900A-C596-478A-8E44-83F43FF13060}.Debug|Any CPU.ActiveCfg = Debug|Any CPU
		{A7F8900A-C596-478A-8E44-83F43FF13060}.Debug|Any CPU.Build.0 = Debug|Any CPU
		{A7F8900A-C596-478A-8E44-83F43FF13060}.Release|Any CPU.ActiveCfg = Release|Any CPU
		{A7F8900A-C596-478A-8E44-83F43FF13060}.Release|Any CPU.Build.0 = Release|Any CPU
		{C4553FFC-C96A-4940-B1AC-9B8E91658EA8}.Debug|Any CPU.ActiveCfg = Debug|Any CPU
		{C4553FFC-C96A-4940-B1AC-9B8E91658EA8}.Debug|Any CPU.Build.0 = Debug|Any CPU
		{C4553FFC-C96A-4940-B1AC-9B8E91658EA8}.Release|Any CPU.ActiveCfg = Release|Any CPU
		{C4553FFC-C96A-4940-B1AC-9B8E91658EA8}.Release|Any CPU.Build.0 = Release|Any CPU
		{DB3A2B54-48D2-44FD-9254-878A2FE6DD62}.Debug|Any CPU.ActiveCfg = Debug|Any CPU
		{DB3A2B54-48D2-44FD-9254-878A2FE6DD62}.Debug|Any CPU.Build.0 = Debug|Any CPU
		{DB3A2B54-48D2-44FD-9254-878A2FE6DD62}.Release|Any CPU.ActiveCfg = Release|Any CPU
		{DB3A2B54-48D2-44FD-9254-878A2FE6DD62}.Release|Any CPU.Build.0 = Release|Any CPU
	EndGlobalSection
	GlobalSection(SolutionProperties) = preSolution
		HideSolutionNode = FALSE
	EndGlobalSection
EndGlobal
